
Microsoft Visual Studio Solution File, Format Version 12.00
# Visual Studio Version 17
VisualStudioVersion = 17.0.31903.59
MinimumVisualStudioVersion = 10.0.40219.1
Project("{FAE04EC0-301F-11D3-BF4B-00C04F79EFBC}") = "API", "API\API.csproj", "{9F64FCC1-E8C7-4848-A6F6-9E38B9B287D2}"
EndProject
Project("{FAE04EC0-301F-11D3-BF4B-00C04F79EFBC}") = "Application", "Application\Application.csproj", "{BA4EADDC-0E85-4D42-AED4-8DFB56A9165D}"
EndProject
Project("{FAE04EC0-301F-11D3-BF4B-00C04F79EFBC}") = "Domain", "Domain\Domain.csproj", "{0A03480E-07DC-4BF7-862C-5EB49007642F}"
EndProject
Project("{FAE04EC0-301F-11D3-BF4B-00C04F79EFBC}") = "Persistence", "Persistence\Persistence.csproj", "{7F82F8CC-BB37-4610-8286-A0E022CE3130}"
EndProject
Global
	GlobalSection(SolutionConfigurationPlatforms) = preSolution
		Debug|Any CPU = Debug|Any CPU
		Release|Any CPU = Release|Any CPU
	EndGlobalSection
	GlobalSection(SolutionProperties) = preSolution
		HideSolutionNode = FALSE
	EndGlobalSection
	GlobalSection(ProjectConfigurationPlatforms) = postSolution
		{9F64FCC1-E8C7-4848-A6F6-9E38B9B287D2}.Debug|Any CPU.ActiveCfg = Debug|Any CPU
		{9F64FCC1-E8C7-4848-A6F6-9E38B9B287D2}.Debug|Any CPU.Build.0 = Debug|Any CPU
		{9F64FCC1-E8C7-4848-A6F6-9E38B9B287D2}.Release|Any CPU.ActiveCfg = Release|Any CPU
		{9F64FCC1-E8C7-4848-A6F6-9E38B9B287D2}.Release|Any CPU.Build.0 = Release|Any CPU
		{BA4EADDC-0E85-4D42-AED4-8DFB56A9165D}.Debug|Any CPU.ActiveCfg = Debug|Any CPU
		{BA4EADDC-0E85-4D42-AED4-8DFB56A9165D}.Debug|Any CPU.Build.0 = Debug|Any CPU
		{BA4EADDC-0E85-4D42-AED4-8DFB56A9165D}.Release|Any CPU.ActiveCfg = Release|Any CPU
		{BA4EADDC-0E85-4D42-AED4-8DFB56A9165D}.Release|Any CPU.Build.0 = Release|Any CPU
		{0A03480E-07DC-4BF7-862C-5EB49007642F}.Debug|Any CPU.ActiveCfg = Debug|Any CPU
		{0A03480E-07DC-4BF7-862C-5EB49007642F}.Debug|Any CPU.Build.0 = Debug|Any CPU
		{0A03480E-07DC-4BF7-862C-5EB49007642F}.Release|Any CPU.ActiveCfg = Release|Any CPU
		{0A03480E-07DC-4BF7-862C-5EB49007642F}.Release|Any CPU.Build.0 = Release|Any CPU
		{7F82F8CC-BB37-4610-8286-A0E022CE3130}.Debug|Any CPU.ActiveCfg = Debug|Any CPU
		{7F82F8CC-BB37-4610-8286-A0E022CE3130}.Debug|Any CPU.Build.0 = Debug|Any CPU
		{7F82F8CC-BB37-4610-8286-A0E022CE3130}.Release|Any CPU.ActiveCfg = Release|Any CPU
		{7F82F8CC-BB37-4610-8286-A0E022CE3130}.Release|Any CPU.Build.0 = Release|Any CPU
	EndGlobalSection
EndGlobal
